
Microsoft Visual Studio Solution File, Format Version 12.00
# Visual Studio Version 17
VisualStudioVersion = 17.3.32825.248
MinimumVisualStudioVersion = 10.0.40219.1
Project("{FAE04EC0-301F-11D3-BF4B-00C04F79EFBC}") = "HomeworkClass", "HomeworkClass\HomeworkClass.csproj", "{092E8577-0C9B-4DA1-AE21-ECEB127F2CFF}"
EndProject
Project("{FAE04EC0-301F-11D3-BF4B-00C04F79EFBC}") = "Tumakov7", "Tumakov7\Tumakov7.csproj", "{FD51EB62-B923-4857-B635-F43365A30FA0}"
EndProject
Global
	GlobalSection(SolutionConfigurationPlatforms) = preSolution
		Debug|Any CPU = Debug|Any CPU
		Release|Any CPU = Release|Any CPU
	EndGlobalSection
	GlobalSection(ProjectConfigurationPlatforms) = postSolution
		{092E8577-0C9B-4DA1-AE21-ECEB127F2CFF}.Debug|Any CPU.ActiveCfg = Debug|Any CPU
		{092E8577-0C9B-4DA1-AE21-ECEB127F2CFF}.Debug|Any CPU.Build.0 = Debug|Any CPU
		{092E8577-0C9B-4DA1-AE21-ECEB127F2CFF}.Release|Any CPU.ActiveCfg = Release|Any CPU
		{092E8577-0C9B-4DA1-AE21-ECEB127F2CFF}.Release|Any CPU.Build.0 = Release|Any CPU
		{FD51EB62-B923-4857-B635-F43365A30FA0}.Debug|Any CPU.ActiveCfg = Debug|Any CPU
		{FD51EB62-B923-4857-B635-F43365A30FA0}.Debug|Any CPU.Build.0 = Debug|Any CPU
		{FD51EB62-B923-4857-B635-F43365A30FA0}.Release|Any CPU.ActiveCfg = Release|Any CPU
		{FD51EB62-B923-4857-B635-F43365A30FA0}.Release|Any CPU.Build.0 = Release|Any CPU
	EndGlobalSection
	GlobalSection(SolutionProperties) = preSolution
		HideSolutionNode = FALSE
	EndGlobalSection
	GlobalSection(ExtensibilityGlobals) = postSolution
		SolutionGuid = {C08E98D6-CCAA-4A63-B721-080B0D27C01C}
	EndGlobalSection
EndGlobal
